
Microsoft Visual Studio Solution File, Format Version 12.00
# Visual Studio 14
VisualStudioVersion = 14.0.25420.1
MinimumVisualStudioVersion = 10.0.40219.1
Project("{FAE04EC0-301F-11D3-BF4B-00C04F79EFBC}") = "CSPad", "CSPad\CSPad.csproj", "{565A31AE-0E7E-44D8-97D5-100D0AF92711}"
EndProject
Global
	GlobalSection(SolutionConfigurationPlatforms) = preSolution
		Debug|Any CPU = Debug|Any CPU
		Release|Any CPU = Release|Any CPU
	EndGlobalSection
	GlobalSection(ProjectConfigurationPlatforms) = postSolution
		{565A31AE-0E7E-44D8-97D5-100D0AF92711}.Debug|Any CPU.ActiveCfg = Debug|Any CPU
		{565A31AE-0E7E-44D8-97D5-100D0AF92711}.Debug|Any CPU.Build.0 = Debug|Any CPU
		{565A31AE-0E7E-44D8-97D5-100D0AF92711}.Release|Any CPU.ActiveCfg = Release|Any CPU
		{565A31AE-0E7E-44D8-97D5-100D0AF92711}.Release|Any CPU.Build.0 = Release|Any CPU
	EndGlobalSection
	GlobalSection(SolutionProperties) = preSolution
		HideSolutionNode = FALSE
	EndGlobalSection
EndGlobal
